{
  "nodes": {
    "agenix": {
      "inputs": {
        "nixpkgs": [
          "nixpkgs"
        ]
      },
      "locked": {
        "lastModified": 1646845404,
        "narHash": "sha256-JENXFCI2HVqi0whBzt7MAW9PX3ziEaYqBhMux+4g+VM=",
        "owner": "ryantm",
        "repo": "agenix",
        "rev": "764c975e74bce2f89a5106b68ec48e2b586f893c",
        "type": "github"
      },
      "original": {
        "owner": "ryantm",
        "repo": "agenix",
        "type": "github"
      }
    },
    "darwin": {
      "inputs": {
        "nixpkgs": [
          "nixpkgs"
        ]
      },
      "locked": {
        "lastModified": 1645293039,
        "narHash": "sha256-PwdDu+SkX8dreeuJ/4av1sEluNZdrpdXv8JsRKKg1Yc=",
        "owner": "lnl7",
        "repo": "nix-darwin",
        "rev": "1df878b6f8351795a3bebfbe4fd2d02e1e8b29d6",
        "type": "github"
      },
      "original": {
        "owner": "lnl7",
        "repo": "nix-darwin",
        "type": "github"
      }
    },
    "examples": {
      "inputs": {
        "nixinate": "nixinate_2",
        "nixpkgs": "nixpkgs_2"
      },
      "locked": {
        "narHash": "sha256-OsFQxO7h4YHrRQX8oHIjvgjTbeJx0oIP+pOIpfiwMiU=",
        "path": "./examples",
        "type": "path"
      },
      "original": {
        "path": "./examples",
        "type": "path"
      }
    },
    "flake-utils": {
      "locked": {
        "lastModified": 1644229661,
        "narHash": "sha256-1YdnJAsNy69bpcjuoKdOYQX0YxZBiCYZo4Twxerqv7k=",
        "owner": "numtide",
        "repo": "flake-utils",
        "rev": "3cecb5b042f7f209c56ffd8371b2711a290ec797",
        "type": "github"
      },
      "original": {
        "owner": "numtide",
        "repo": "flake-utils",
        "type": "github"
      }
    },
    "flake-utils_2": {
      "locked": {
        "lastModified": 1638122382,
        "narHash": "sha256-sQzZzAbvKEqN9s0bzWuYmRaA03v40gaJ4+iL1LXjaeI=",
        "owner": "numtide",
        "repo": "flake-utils",
        "rev": "74f7e4319258e287b0f9cb95426c9853b282730b",
        "type": "github"
      },
      "original": {
        "owner": "numtide",
        "repo": "flake-utils",
        "type": "github"
      }
    },
    "flake-utils_3": {
      "locked": {
        "lastModified": 1637014545,
        "narHash": "sha256-26IZAc5yzlD9FlDT54io1oqG/bBoyka+FJk5guaX4x4=",
        "owner": "numtide",
        "repo": "flake-utils",
        "rev": "bba5dcc8e0b20ab664967ad83d24d64cb64ec4f4",
        "type": "github"
      },
      "original": {
        "owner": "numtide",
        "repo": "flake-utils",
        "type": "github"
      }
    },
    "home-manager": {
      "inputs": {
        "nixpkgs": [
          "nixpkgs"
        ]
      },
      "locked": {
        "lastModified": 1646559628,
        "narHash": "sha256-WDoqxH/IPTV8CkI15wwzvXYgXq9UPr8xd8WKziuaynw=",
        "owner": "nix-community",
        "repo": "home-manager",
        "rev": "afe96e7433c513bf82375d41473c57d1f66b4e68",
        "type": "github"
      },
      "original": {
        "owner": "nix-community",
        "repo": "home-manager",
        "type": "github"
      }
    },
    "nix-update": {
      "inputs": {
        "flake-utils": "flake-utils",
        "nixpkgs": [
          "nixpkgs"
        ]
      },
      "locked": {
        "lastModified": 1646922244,
        "narHash": "sha256-D/mVyE0aVo3LRWU1tMHuXxwfrpQ/1AiZQg3/OCaYM7I=",
        "owner": "Mic92",
        "repo": "nix-update",
        "rev": "3d758ab9dd4acd21437a3f5c67451211f958e4d3",
        "type": "github"
      },
      "original": {
        "owner": "Mic92",
        "repo": "nix-update",
        "type": "github"
      }
    },
    "nixinate": {
      "inputs": {
        "examples": "examples",
        "nixpkgs": [
          "nixpkgs"
        ]
      },
      "locked": {
        "lastModified": 1646587087,
        "narHash": "sha256-SwOHL/tte1H8VvftnxtWCr5FIlZaGvNy57P9sMSrZ5Q=",
        "owner": "matthewcroughan",
        "repo": "nixinate",
        "rev": "886c6a2b3bef14cacf6c3021df0a75bb57f9fbc7",
        "type": "github"
      },
      "original": {
        "owner": "matthewcroughan",
        "repo": "nixinate",
        "type": "github"
      }
    },
    "nixinate_2": {
      "inputs": {
        "nixpkgs": "nixpkgs"
      },
      "locked": {
        "narHash": "sha256-lk8eIWYxtHqDT4ZmSFuXMlG067RdPqLCQocnN+hNE7U=",
        "path": "/etc/nixos/nixinate",
        "type": "path"
      },
      "original": {
        "path": "/etc/nixos/nixinate",
        "type": "path"
      }
    },
    "nixpkgs": {
      "locked": {
        "lastModified": 1640887906,
        "narHash": "sha256-Eupk1UlNicCD2UNZuEKt6yhE6kFWAxXM/HyziOjG9CA=",
        "owner": "nixos",
        "repo": "nixpkgs",
        "rev": "8a053bc2255659c5ca52706b9e12e76a8f50dbdd",
        "type": "github"
      },
      "original": {
        "owner": "nixos",
        "ref": "nixos-21.11",
        "repo": "nixpkgs",
        "type": "github"
      }
    },
    "nixpkgs-review": {
      "inputs": {
        "flake-utils": "flake-utils_2",
        "nixpkgs": [
          "nixpkgs"
        ]
      },
      "locked": {
        "lastModified": 1646646898,
        "narHash": "sha256-JKK85kMKpjjYcGtI3XWnq2Rk7o23UYYI+Z6ldgFoP0g=",
        "owner": "Mic92",
        "repo": "nixpkgs-review",
        "rev": "cecf015f2f26144abe74ed60ebd0e6ca3fd86d04",
        "type": "github"
      },
      "original": {
        "owner": "Mic92",
        "repo": "nixpkgs-review",
        "type": "github"
      }
    },
    "nixpkgs_2": {
      "locked": {
        "lastModified": 1641147223,
        "narHash": "sha256-eJnmISYGR7LeqEev4bsI/qcU0SgeFKHs3jnL4vMGL+k=",
        "owner": "nixos",
        "repo": "nixpkgs",
        "rev": "08370e1e271f6fe00d302bebbe510fe0e2c611ca",
        "type": "github"
      },
      "original": {
        "owner": "nixos",
        "ref": "nixos-21.11",
        "repo": "nixpkgs",
        "type": "github"
      }
    },
    "nixpkgs_3": {
      "locked": {
        "lastModified": 1646506091,
        "narHash": "sha256-sWNAJE2m+HOh1jtXlHcnhxsj6/sXrHgbqVNcVRlveK4=",
        "owner": "nixos",
        "repo": "nixpkgs",
        "rev": "3e644bd62489b516292c816f70bf0052c693b3c7",
        "type": "github"
      },
      "original": {
        "owner": "nixos",
        "ref": "nixpkgs-unstable",
        "repo": "nixpkgs",
        "type": "github"
      }
    },
    "nixpkgs_4": {
      "locked": {
        "lastModified": 1637453606,
        "narHash": "sha256-Gy6cwUswft9xqsjWxFYEnx/63/qzaFUwatcbV5GF/GQ=",
        "owner": "NixOS",
        "repo": "nixpkgs",
        "rev": "8afc4e543663ca0a6a4f496262cd05233737e732",
        "type": "github"
      },
      "original": {
        "owner": "NixOS",
        "ref": "nixpkgs-unstable",
        "repo": "nixpkgs",
        "type": "github"
      }
    },
    "root": {
      "inputs": {
        "agenix": "agenix",
        "darwin": "darwin",
        "home-manager": "home-manager",
        "nix-update": "nix-update",
        "nixinate": "nixinate",
        "nixpkgs": "nixpkgs_3",
        "nixpkgs-review": "nixpkgs-review",
        "rust-overlay": "rust-overlay"
      }
    },
    "rust-overlay": {
      "inputs": {
        "flake-utils": "flake-utils_3",
        "nixpkgs": "nixpkgs_4"
      },
      "locked": {
        "lastModified": 1646965545,
        "narHash": "sha256-TnOdd6d+5QeF2JkCvpEi7JbRampCZXCBUraukJI743U=",
        "owner": "oxalica",
        "repo": "rust-overlay",
        "rev": "f540e0001088700f72a3b2a178c9d8e70616a4a9",
        "type": "github"
      },
      "original": {
        "owner": "oxalica",
        "repo": "rust-overlay",
        "type": "github"
      }
    }
  },
  "root": "root",
  "version": 7
}
