{
  "nodes": {
    "agenix": {
      "inputs": {
        "nixpkgs": [
          "nixpkgs"
        ]
      },
      "locked": {
        "lastModified": 1646105662,
        "narHash": "sha256-jdXCZbGZL0SWWi29GnAOFHUh/QvvP0IyaVLv1ZTDkBI=",
        "owner": "ryantm",
        "repo": "agenix",
        "rev": "297cd58b418249240b9f1f155d52b1b17f292884",
        "type": "github"
      },
      "original": {
        "owner": "ryantm",
        "repo": "agenix",
        "type": "github"
      }
    },
    "darwin": {
      "inputs": {
        "nixpkgs": [
          "nixpkgs"
        ]
      },
      "locked": {
        "lastModified": 1645293039,
        "narHash": "sha256-PwdDu+SkX8dreeuJ/4av1sEluNZdrpdXv8JsRKKg1Yc=",
        "owner": "lnl7",
        "repo": "nix-darwin",
        "rev": "1df878b6f8351795a3bebfbe4fd2d02e1e8b29d6",
        "type": "github"
      },
      "original": {
        "owner": "lnl7",
        "repo": "nix-darwin",
        "type": "github"
      }
    },
    "examples": {
      "inputs": {
        "nixinate": "nixinate_2",
        "nixpkgs": "nixpkgs_2"
      },
      "locked": {
        "narHash": "sha256-OsFQxO7h4YHrRQX8oHIjvgjTbeJx0oIP+pOIpfiwMiU=",
        "path": "./examples",
        "type": "path"
      },
      "original": {
        "path": "./examples",
        "type": "path"
      }
    },
    "flake-utils": {
      "locked": {
        "lastModified": 1614513358,
        "narHash": "sha256-LakhOx3S1dRjnh0b5Dg3mbZyH0ToC9I8Y2wKSkBaTzU=",
        "owner": "numtide",
        "repo": "flake-utils",
        "rev": "5466c5bbece17adaab2d82fae80b46e807611bf3",
        "type": "github"
      },
      "original": {
        "owner": "numtide",
        "repo": "flake-utils",
        "type": "github"
      }
    },
    "flake-utils_2": {
      "locked": {
        "lastModified": 1638122382,
        "narHash": "sha256-sQzZzAbvKEqN9s0bzWuYmRaA03v40gaJ4+iL1LXjaeI=",
        "owner": "numtide",
        "repo": "flake-utils",
        "rev": "74f7e4319258e287b0f9cb95426c9853b282730b",
        "type": "github"
      },
      "original": {
        "owner": "numtide",
        "repo": "flake-utils",
        "type": "github"
      }
    },
    "flake-utils_3": {
      "locked": {
        "lastModified": 1637014545,
        "narHash": "sha256-26IZAc5yzlD9FlDT54io1oqG/bBoyka+FJk5guaX4x4=",
        "owner": "numtide",
        "repo": "flake-utils",
        "rev": "bba5dcc8e0b20ab664967ad83d24d64cb64ec4f4",
        "type": "github"
      },
      "original": {
        "owner": "numtide",
        "repo": "flake-utils",
        "type": "github"
      }
    },
    "home-manager": {
      "inputs": {
        "nixpkgs": [
          "nixpkgs"
        ]
      },
      "locked": {
        "lastModified": 1646354208,
        "narHash": "sha256-eldsDbNPqYNAtK8Pu79fGGGGOVpWUPWkz83Gzvhz0Jk=",
        "owner": "nix-community",
        "repo": "home-manager",
        "rev": "541874f55d7c15b4c67329ec0370b245dea322e8",
        "type": "github"
      },
      "original": {
        "owner": "nix-community",
        "repo": "home-manager",
        "type": "github"
      }
    },
    "nix-update": {
      "inputs": {
        "flake-utils": "flake-utils",
        "nixpkgs": [
          "nixpkgs"
        ]
      },
      "locked": {
        "lastModified": 1645224919,
        "narHash": "sha256-hT8YqbGnbGCYEVnc0yJsANuOOAJnTuetrpYPhqgJcnY=",
        "owner": "Mic92",
        "repo": "nix-update",
        "rev": "36af1bcbdcef55fd3deafb4c756dfa347ccee461",
        "type": "github"
      },
      "original": {
        "owner": "Mic92",
        "repo": "nix-update",
        "type": "github"
      }
    },
    "nixinate": {
      "inputs": {
        "examples": "examples",
        "nixpkgs": [
          "nixpkgs"
        ]
      },
      "locked": {
        "lastModified": 1646336474,
        "narHash": "sha256-Zt7uslLW7mlrXcLP695l2SqKvCdanWr8miwHLj8lyQ4=",
        "owner": "matthewcroughan",
        "repo": "nixinate",
        "rev": "f13b5a7dcce8977c44f755973e06d804de04c2f2",
        "type": "github"
      },
      "original": {
        "owner": "matthewcroughan",
        "repo": "nixinate",
        "type": "github"
      }
    },
    "nixinate_2": {
      "inputs": {
        "nixpkgs": "nixpkgs"
      },
      "locked": {
        "narHash": "sha256-lk8eIWYxtHqDT4ZmSFuXMlG067RdPqLCQocnN+hNE7U=",
        "path": "/etc/nixos/nixinate",
        "type": "path"
      },
      "original": {
        "path": "/etc/nixos/nixinate",
        "type": "path"
      }
    },
    "nixpkgs": {
      "locked": {
        "lastModified": 1640887906,
        "narHash": "sha256-Eupk1UlNicCD2UNZuEKt6yhE6kFWAxXM/HyziOjG9CA=",
        "owner": "nixos",
        "repo": "nixpkgs",
        "rev": "8a053bc2255659c5ca52706b9e12e76a8f50dbdd",
        "type": "github"
      },
      "original": {
        "owner": "nixos",
        "ref": "nixos-21.11",
        "repo": "nixpkgs",
        "type": "github"
      }
    },
    "nixpkgs-review": {
      "inputs": {
        "flake-utils": "flake-utils_2",
        "nixpkgs": [
          "nixpkgs"
        ]
      },
      "locked": {
        "lastModified": 1645891321,
        "narHash": "sha256-hbWhFtxvT0/AxhdjhxmRTkRe13XMkbzZ9pUw+8IJFOM=",
        "owner": "Mic92",
        "repo": "nixpkgs-review",
        "rev": "ddbcb038c25ed69d308150987412a6888ad5bf72",
        "type": "github"
      },
      "original": {
        "owner": "Mic92",
        "repo": "nixpkgs-review",
        "type": "github"
      }
    },
    "nixpkgs_2": {
      "locked": {
        "lastModified": 1641147223,
        "narHash": "sha256-eJnmISYGR7LeqEev4bsI/qcU0SgeFKHs3jnL4vMGL+k=",
        "owner": "nixos",
        "repo": "nixpkgs",
        "rev": "08370e1e271f6fe00d302bebbe510fe0e2c611ca",
        "type": "github"
      },
      "original": {
        "owner": "nixos",
        "ref": "nixos-21.11",
        "repo": "nixpkgs",
        "type": "github"
      }
    },
    "nixpkgs_3": {
      "locked": {
        "lastModified": 1646331602,
        "narHash": "sha256-cRuytTfel52z947yKfJcZU7zbQBgM16qqTf+oJkVwtg=",
        "owner": "nixos",
        "repo": "nixpkgs",
        "rev": "ad267cc9cf3d5a6ae63940df31eb31382d6356e6",
        "type": "github"
      },
      "original": {
        "owner": "nixos",
        "ref": "nixpkgs-unstable",
        "repo": "nixpkgs",
        "type": "github"
      }
    },
    "nixpkgs_4": {
      "locked": {
        "lastModified": 1637453606,
        "narHash": "sha256-Gy6cwUswft9xqsjWxFYEnx/63/qzaFUwatcbV5GF/GQ=",
        "owner": "NixOS",
        "repo": "nixpkgs",
        "rev": "8afc4e543663ca0a6a4f496262cd05233737e732",
        "type": "github"
      },
      "original": {
        "owner": "NixOS",
        "ref": "nixpkgs-unstable",
        "repo": "nixpkgs",
        "type": "github"
      }
    },
    "root": {
      "inputs": {
        "agenix": "agenix",
        "darwin": "darwin",
        "home-manager": "home-manager",
        "nix-update": "nix-update",
        "nixinate": "nixinate",
        "nixpkgs": "nixpkgs_3",
        "nixpkgs-review": "nixpkgs-review",
        "rust-overlay": "rust-overlay"
      }
    },
    "rust-overlay": {
      "inputs": {
        "flake-utils": "flake-utils_3",
        "nixpkgs": "nixpkgs_4"
      },
      "locked": {
        "lastModified": 1646360880,
        "narHash": "sha256-Xu/gQO2eqRBOOarjl7XuPdrtKagAGAZDn6AlIRzGUns=",
        "owner": "oxalica",
        "repo": "rust-overlay",
        "rev": "194016e6b086bfa5965aeb8979c58b93e03e2485",
        "type": "github"
      },
      "original": {
        "owner": "oxalica",
        "repo": "rust-overlay",
        "type": "github"
      }
    }
  },
  "root": "root",
  "version": 7
}
