{
  "nodes": {
    "agenix": {
      "inputs": {
        "nixpkgs": [
          "nixpkgs"
        ]
      },
      "locked": {
        "lastModified": 1648942457,
        "narHash": "sha256-i29Z1t3sVfCNfpp+KAfeExvpqHQSbLO1KWylTtfradU=",
        "owner": "ryantm",
        "repo": "agenix",
        "rev": "0d5e59ed645e4c7b60174bc6f6aac6a203dc0b01",
        "type": "github"
      },
      "original": {
        "owner": "ryantm",
        "repo": "agenix",
        "type": "github"
      }
    },
    "darwin": {
      "inputs": {
        "nixpkgs": [
          "nixpkgs"
        ]
      },
      "locked": {
        "lastModified": 1650399173,
        "narHash": "sha256-YYJDu6CxLGIrjnH6uAmPxqRmrgrqPhXNZHpZoqw3q5k=",
        "owner": "lnl7",
        "repo": "nix-darwin",
        "rev": "2979028c51ba0ad7e2062dbdc1674be0f71092fc",
        "type": "github"
      },
      "original": {
        "owner": "lnl7",
        "repo": "nix-darwin",
        "type": "github"
      }
    },
    "flake-utils": {
      "locked": {
        "lastModified": 1644229661,
        "narHash": "sha256-1YdnJAsNy69bpcjuoKdOYQX0YxZBiCYZo4Twxerqv7k=",
        "owner": "numtide",
        "repo": "flake-utils",
        "rev": "3cecb5b042f7f209c56ffd8371b2711a290ec797",
        "type": "github"
      },
      "original": {
        "owner": "numtide",
        "repo": "flake-utils",
        "type": "github"
      }
    },
    "flake-utils_2": {
      "locked": {
        "lastModified": 1638122382,
        "narHash": "sha256-sQzZzAbvKEqN9s0bzWuYmRaA03v40gaJ4+iL1LXjaeI=",
        "owner": "numtide",
        "repo": "flake-utils",
        "rev": "74f7e4319258e287b0f9cb95426c9853b282730b",
        "type": "github"
      },
      "original": {
        "owner": "numtide",
        "repo": "flake-utils",
        "type": "github"
      }
    },
    "flake-utils_3": {
      "locked": {
        "lastModified": 1637014545,
        "narHash": "sha256-26IZAc5yzlD9FlDT54io1oqG/bBoyka+FJk5guaX4x4=",
        "owner": "numtide",
        "repo": "flake-utils",
        "rev": "bba5dcc8e0b20ab664967ad83d24d64cb64ec4f4",
        "type": "github"
      },
      "original": {
        "owner": "numtide",
        "repo": "flake-utils",
        "type": "github"
      }
    },
    "home-manager": {
      "inputs": {
        "nixpkgs": [
          "nixpkgs"
        ]
      },
      "locked": {
        "lastModified": 1650478719,
        "narHash": "sha256-308c2cM4hW9AW6dSQ080ycXGyEJGkG/OwOINkYL9Mnw=",
        "owner": "nix-community",
        "repo": "home-manager",
        "rev": "93a69d07389311ffd6ce1f4d01836bbc2faec644",
        "type": "github"
      },
      "original": {
        "owner": "nix-community",
        "repo": "home-manager",
        "type": "github"
      }
    },
    "nix-update": {
      "inputs": {
        "flake-utils": "flake-utils",
        "nixpkgs": [
          "nixpkgs"
        ]
      },
      "locked": {
        "lastModified": 1649660702,
        "narHash": "sha256-rc5fwxuidsEdPG7+psVALGmtMPsXgKDle6mkFOWPDm4=",
        "owner": "Mic92",
        "repo": "nix-update",
        "rev": "c381bd29dc0e3e0d406d7a185bdd8bc83b2edd21",
        "type": "github"
      },
      "original": {
        "owner": "Mic92",
        "repo": "nix-update",
        "type": "github"
      }
    },
    "nixinate": {
      "inputs": {
        "nixpkgs": [
          "nixpkgs"
        ]
      },
      "locked": {
        "lastModified": 1648147719,
        "narHash": "sha256-6qNWYXbpso259k4Di6IQPJzCl2nhDje6OgVKDOW8sdQ=",
        "owner": "matthewcroughan",
        "repo": "nixinate",
        "rev": "f9025fd06b9adb315c6247b8e5d45321f6f82c31",
        "type": "github"
      },
      "original": {
        "owner": "matthewcroughan",
        "repo": "nixinate",
        "type": "github"
      }
    },
    "nixpkgs": {
      "locked": {
        "lastModified": 1650647760,
        "narHash": "sha256-Ng8CGYLSTxeI+oEux0x+tSRA6K7ydoyfJNQf56ld+Uo=",
        "owner": "nixos",
        "repo": "nixpkgs",
        "rev": "b80f570a92d04e8ace67ff09c34aa48708a5c88c",
        "type": "github"
      },
      "original": {
        "owner": "nixos",
        "ref": "nixpkgs-unstable",
        "repo": "nixpkgs",
        "type": "github"
      }
    },
    "nixpkgs-review": {
      "inputs": {
        "flake-utils": "flake-utils_2",
        "nixpkgs": [
          "nixpkgs"
        ]
      },
      "locked": {
        "lastModified": 1650549072,
        "narHash": "sha256-3e4xaxDwfgCkMjCSeyGr1vPutos8BzlTi0wUCHhG1+8=",
        "owner": "Mic92",
        "repo": "nixpkgs-review",
        "rev": "d8c01b48b6189287bb7b70c0a67399991f227163",
        "type": "github"
      },
      "original": {
        "owner": "Mic92",
        "repo": "nixpkgs-review",
        "type": "github"
      }
    },
    "nixpkgs_2": {
      "locked": {
        "lastModified": 1637453606,
        "narHash": "sha256-Gy6cwUswft9xqsjWxFYEnx/63/qzaFUwatcbV5GF/GQ=",
        "owner": "NixOS",
        "repo": "nixpkgs",
        "rev": "8afc4e543663ca0a6a4f496262cd05233737e732",
        "type": "github"
      },
      "original": {
        "owner": "NixOS",
        "ref": "nixpkgs-unstable",
        "repo": "nixpkgs",
        "type": "github"
      }
    },
    "root": {
      "inputs": {
        "agenix": "agenix",
        "darwin": "darwin",
        "home-manager": "home-manager",
        "nix-update": "nix-update",
        "nixinate": "nixinate",
        "nixpkgs": "nixpkgs",
        "nixpkgs-review": "nixpkgs-review",
        "rust-overlay": "rust-overlay"
      }
    },
    "rust-overlay": {
      "inputs": {
        "flake-utils": "flake-utils_3",
        "nixpkgs": "nixpkgs_2"
      },
      "locked": {
        "lastModified": 1650681299,
        "narHash": "sha256-JNvHHeeXDl3UnjWolMSbH2sWvhAYPfAutL815kZ6vFs=",
        "owner": "oxalica",
        "repo": "rust-overlay",
        "rev": "d10f36b093459eb71ddcfedbab538c1ae3dfebb2",
        "type": "github"
      },
      "original": {
        "owner": "oxalica",
        "repo": "rust-overlay",
        "type": "github"
      }
    }
  },
  "root": "root",
  "version": 7
}
